{
  "requires": true,
  "lockfileVersion": 1,
  "dependencies": {
    "tim-js-sdk": {
      "version": "2.25.0",
      "resolved": "https://registry.npmjs.org/tim-js-sdk/-/tim-js-sdk-2.25.0.tgz",
      "integrity": "sha512-svtXOkMAODzrVnHeaYIZeICAvK+eSRCtVK0QpI/OJRCRgQ86FRH+tIEG4uuWTTi2i7ztrDOds0D9ypgd6/uq6Q=="
    },
    "tim-upload-plugin": {
      "version": "1.0.6",
      "resolved": "https://registry.npmjs.org/tim-upload-plugin/-/tim-upload-plugin-1.0.6.tgz",
      "integrity": "sha512-yO85EmYQB/lyKo3h90Lruw9VX7RagwJ7QSlCLaiD8KWBsZZaTpuZpr54xw+m5U6TlGwN3/wO8Q4bRmYncLoOnQ=="
    }
  }
}
